
Microsoft Visual Studio Solution File, Format Version 12.00
# Visual Studio Version 16
VisualStudioVersion = 16.0.29613.14
MinimumVisualStudioVersion = 10.0.40219.1
Project("{FAE04EC0-301F-11D3-BF4B-00C04F79EFBC}") = "dotnetCampus.NugetMergeFixTool", "dotnetCampus.NugetMergeFixTool\dotnetCampus.NugetMergeFixTool.csproj", "{4CC22653-1850-4734-8035-6853BC410563}"
EndProject
Project("{FAE04EC0-301F-11D3-BF4B-00C04F79EFBC}") = "dotnetCampus.NugetMergeFixTool.Core", "dotnetCampus.NugetMergeFixTool.Core\dotnetCampus.NugetMergeFixTool.Core.csproj", "{19D958A5-2063-44D0-80CA-F229CF5E5ACF}"
EndProject
Global
	GlobalSection(SolutionConfigurationPlatforms) = preSolution
		Debug|Any CPU = Debug|Any CPU
		Release|Any CPU = Release|Any CPU
	EndGlobalSection
	GlobalSection(ProjectConfigurationPlatforms) = postSolution
		{4CC22653-1850-4734-8035-6853BC410563}.Debug|Any CPU.ActiveCfg = Debug|Any CPU
		{4CC22653-1850-4734-8035-6853BC410563}.Debug|Any CPU.Build.0 = Debug|Any CPU
		{4CC22653-1850-4734-8035-6853BC410563}.Release|Any CPU.ActiveCfg = Release|Any CPU
		{4CC22653-1850-4734-8035-6853BC410563}.Release|Any CPU.Build.0 = Release|Any CPU
		{19D958A5-2063-44D0-80CA-F229CF5E5ACF}.Debug|Any CPU.ActiveCfg = Debug|Any CPU
		{19D958A5-2063-44D0-80CA-F229CF5E5ACF}.Debug|Any CPU.Build.0 = Debug|Any CPU
		{19D958A5-2063-44D0-80CA-F229CF5E5ACF}.Release|Any CPU.ActiveCfg = Release|Any CPU
		{19D958A5-2063-44D0-80CA-F229CF5E5ACF}.Release|Any CPU.Build.0 = Release|Any CPU
	EndGlobalSection
	GlobalSection(SolutionProperties) = preSolution
		HideSolutionNode = FALSE
	EndGlobalSection
	GlobalSection(ExtensibilityGlobals) = postSolution
		SolutionGuid = {08BAD8C1-A00B-42FD-B1E3-958DC5492D34}
	EndGlobalSection
EndGlobal
